
Microsoft Visual Studio Solution File, Format Version 12.00
# Visual Studio Version 17
Project("{2150E333-8FDC-42A3-9474-1A3956D46DE8}") = "CMakePredefinedTargets", "CMakePredefinedTargets", "{D0678D5C-A7E0-34D3-9ED5-ACA8C2BDA5BB}"
EndProject
Project("{2150E333-8FDC-42A3-9474-1A3956D46DE8}") = "External", "External", "{224FB9B5-8F02-3BBD-B233-EF6488375D9F}"
EndProject
Project("{2150E333-8FDC-42A3-9474-1A3956D46DE8}") = "Internal", "Internal", "{DBA87485-D3B8-3942-A3C6-A2730267FEFB}"
EndProject
Project("{8BC9CEB8-8B4A-11D0-8D11-00A0C91BC942}") = "ALL_BUILD", "ALL_BUILD.vcxproj", "{D735FA0C-96F2-3A6E-B6FF-0CE68666C9D9}"
	ProjectSection(ProjectDependencies) = postProject
		{DD038E42-FFF7-3D54-8F9F-EED850EF3B28} = {DD038E42-FFF7-3D54-8F9F-EED850EF3B28}
		{4170A97C-4B15-3036-887D-7C020F3C1AE4} = {4170A97C-4B15-3036-887D-7C020F3C1AE4}
		{333BD6C8-6974-31ED-B267-A92CE3DDAF7F} = {333BD6C8-6974-31ED-B267-A92CE3DDAF7F}
		{F85D74BF-26F9-3235-A174-B8FE8FB54E50} = {F85D74BF-26F9-3235-A174-B8FE8FB54E50}
		{C4A4829B-2B78-30D2-97B8-7DF8CC49F66E} = {C4A4829B-2B78-30D2-97B8-7DF8CC49F66E}
		{5B2DA63F-B519-30EB-9B69-FDE387CC470F} = {5B2DA63F-B519-30EB-9B69-FDE387CC470F}
		{23EFEFAC-EE3A-30F7-A107-F873ACCD9FB0} = {23EFEFAC-EE3A-30F7-A107-F873ACCD9FB0}
		{3A6FBE34-2380-3EAD-9C9E-69799CE2443D} = {3A6FBE34-2380-3EAD-9C9E-69799CE2443D}
		{3C26903E-AE10-344F-89F7-B78003B1F91F} = {3C26903E-AE10-344F-89F7-B78003B1F91F}
		{41FF2A73-3C4E-31D0-BAB4-49756FB30F14} = {41FF2A73-3C4E-31D0-BAB4-49756FB30F14}
		{0F593D82-7A8D-3AD7-9265-E7FBB817C6A1} = {0F593D82-7A8D-3AD7-9265-E7FBB817C6A1}
		{B92FC57B-66E4-36F2-803B-DE323EE060AA} = {B92FC57B-66E4-36F2-803B-DE323EE060AA}
		{B15AE356-E503-3273-81A4-E38AC329F635} = {B15AE356-E503-3273-81A4-E38AC329F635}
	EndProjectSection
EndProject
Project("{8BC9CEB8-8B4A-11D0-8D11-00A0C91BC942}") = "ZERO_CHECK", "..\..\..\\ZERO_CHECK.vcxproj", "{DD038E42-FFF7-3D54-8F9F-EED850EF3B28}"
	ProjectSection(ProjectDependencies) = postProject
	EndProjectSection
EndProject
Project("{8BC9CEB8-8B4A-11D0-8D11-00A0C91BC942}") = "cocos2d", "cocos2d.vcxproj", "{4170A97C-4B15-3036-887D-7C020F3C1AE4}"
	ProjectSection(ProjectDependencies) = postProject
		{DD038E42-FFF7-3D54-8F9F-EED850EF3B28} = {DD038E42-FFF7-3D54-8F9F-EED850EF3B28}
		{333BD6C8-6974-31ED-B267-A92CE3DDAF7F} = {333BD6C8-6974-31ED-B267-A92CE3DDAF7F}
		{F85D74BF-26F9-3235-A174-B8FE8FB54E50} = {F85D74BF-26F9-3235-A174-B8FE8FB54E50}
		{C4A4829B-2B78-30D2-97B8-7DF8CC49F66E} = {C4A4829B-2B78-30D2-97B8-7DF8CC49F66E}
		{5B2DA63F-B519-30EB-9B69-FDE387CC470F} = {5B2DA63F-B519-30EB-9B69-FDE387CC470F}
		{23EFEFAC-EE3A-30F7-A107-F873ACCD9FB0} = {23EFEFAC-EE3A-30F7-A107-F873ACCD9FB0}
		{3A6FBE34-2380-3EAD-9C9E-69799CE2443D} = {3A6FBE34-2380-3EAD-9C9E-69799CE2443D}
		{3C26903E-AE10-344F-89F7-B78003B1F91F} = {3C26903E-AE10-344F-89F7-B78003B1F91F}
		{41FF2A73-3C4E-31D0-BAB4-49756FB30F14} = {41FF2A73-3C4E-31D0-BAB4-49756FB30F14}
		{0F593D82-7A8D-3AD7-9265-E7FBB817C6A1} = {0F593D82-7A8D-3AD7-9265-E7FBB817C6A1}
		{B92FC57B-66E4-36F2-803B-DE323EE060AA} = {B92FC57B-66E4-36F2-803B-DE323EE060AA}
		{B15AE356-E503-3273-81A4-E38AC329F635} = {B15AE356-E503-3273-81A4-E38AC329F635}
	EndProjectSection
EndProject
Project("{8BC9CEB8-8B4A-11D0-8D11-00A0C91BC942}") = "ext_clipper", "..\..\external\clipper\ext_clipper.vcxproj", "{333BD6C8-6974-31ED-B267-A92CE3DDAF7F}"
	ProjectSection(ProjectDependencies) = postProject
		{DD038E42-FFF7-3D54-8F9F-EED850EF3B28} = {DD038E42-FFF7-3D54-8F9F-EED850EF3B28}
	EndProjectSection
EndProject
Project("{8BC9CEB8-8B4A-11D0-8D11-00A0C91BC942}") = "ext_convertUTF", "..\..\external\ConvertUTF\ext_convertUTF.vcxproj", "{F85D74BF-26F9-3235-A174-B8FE8FB54E50}"
	ProjectSection(ProjectDependencies) = postProject
		{DD038E42-FFF7-3D54-8F9F-EED850EF3B28} = {DD038E42-FFF7-3D54-8F9F-EED850EF3B28}
	EndProjectSection
EndProject
Project("{8BC9CEB8-8B4A-11D0-8D11-00A0C91BC942}") = "ext_edtaa3func", "..\..\external\edtaa3func\ext_edtaa3func.vcxproj", "{C4A4829B-2B78-30D2-97B8-7DF8CC49F66E}"
	ProjectSection(ProjectDependencies) = postProject
		{DD038E42-FFF7-3D54-8F9F-EED850EF3B28} = {DD038E42-FFF7-3D54-8F9F-EED850EF3B28}
	EndProjectSection
EndProject
Project("{8BC9CEB8-8B4A-11D0-8D11-00A0C91BC942}") = "ext_md5", "..\..\external\md5\ext_md5.vcxproj", "{5B2DA63F-B519-30EB-9B69-FDE387CC470F}"
	ProjectSection(ProjectDependencies) = postProject
		{DD038E42-FFF7-3D54-8F9F-EED850EF3B28} = {DD038E42-FFF7-3D54-8F9F-EED850EF3B28}
	EndProjectSection
EndProject
Project("{8BC9CEB8-8B4A-11D0-8D11-00A0C91BC942}") = "ext_poly2tri", "..\..\external\poly2tri\ext_poly2tri.vcxproj", "{23EFEFAC-EE3A-30F7-A107-F873ACCD9FB0}"
	ProjectSection(ProjectDependencies) = postProject
		{DD038E42-FFF7-3D54-8F9F-EED850EF3B28} = {DD038E42-FFF7-3D54-8F9F-EED850EF3B28}
	EndProjectSection
EndProject
Project("{8BC9CEB8-8B4A-11D0-8D11-00A0C91BC942}") = "ext_recast", "..\..\external\recast\ext_recast.vcxproj", "{3A6FBE34-2380-3EAD-9C9E-69799CE2443D}"
	ProjectSection(ProjectDependencies) = postProject
		{DD038E42-FFF7-3D54-8F9F-EED850EF3B28} = {DD038E42-FFF7-3D54-8F9F-EED850EF3B28}
	EndProjectSection
EndProject
Project("{8BC9CEB8-8B4A-11D0-8D11-00A0C91BC942}") = "ext_tinyxml2", "..\..\external\tinyxml2\ext_tinyxml2.vcxproj", "{3C26903E-AE10-344F-89F7-B78003B1F91F}"
	ProjectSection(ProjectDependencies) = postProject
		{DD038E42-FFF7-3D54-8F9F-EED850EF3B28} = {DD038E42-FFF7-3D54-8F9F-EED850EF3B28}
	EndProjectSection
EndProject
Project("{8BC9CEB8-8B4A-11D0-8D11-00A0C91BC942}") = "ext_unzip", "..\..\external\unzip\ext_unzip.vcxproj", "{41FF2A73-3C4E-31D0-BAB4-49756FB30F14}"
	ProjectSection(ProjectDependencies) = postProject
		{DD038E42-FFF7-3D54-8F9F-EED850EF3B28} = {DD038E42-FFF7-3D54-8F9F-EED850EF3B28}
	EndProjectSection
EndProject
Project("{8BC9CEB8-8B4A-11D0-8D11-00A0C91BC942}") = "ext_xxhash", "..\..\external\xxhash\ext_xxhash.vcxproj", "{0F593D82-7A8D-3AD7-9265-E7FBB817C6A1}"
	ProjectSection(ProjectDependencies) = postProject
		{DD038E42-FFF7-3D54-8F9F-EED850EF3B28} = {DD038E42-FFF7-3D54-8F9F-EED850EF3B28}
	EndProjectSection
EndProject
Project("{8BC9CEB8-8B4A-11D0-8D11-00A0C91BC942}") = "ext_xxtea", "..\..\external\xxtea\ext_xxtea.vcxproj", "{B92FC57B-66E4-36F2-803B-DE323EE060AA}"
	ProjectSection(ProjectDependencies) = postProject
		{DD038E42-FFF7-3D54-8F9F-EED850EF3B28} = {DD038E42-FFF7-3D54-8F9F-EED850EF3B28}
	EndProjectSection
EndProject
Project("{8BC9CEB8-8B4A-11D0-8D11-00A0C91BC942}") = "external", "..\..\external\external.vcxproj", "{B15AE356-E503-3273-81A4-E38AC329F635}"
	ProjectSection(ProjectDependencies) = postProject
		{DD038E42-FFF7-3D54-8F9F-EED850EF3B28} = {DD038E42-FFF7-3D54-8F9F-EED850EF3B28}
		{333BD6C8-6974-31ED-B267-A92CE3DDAF7F} = {333BD6C8-6974-31ED-B267-A92CE3DDAF7F}
		{F85D74BF-26F9-3235-A174-B8FE8FB54E50} = {F85D74BF-26F9-3235-A174-B8FE8FB54E50}
		{C4A4829B-2B78-30D2-97B8-7DF8CC49F66E} = {C4A4829B-2B78-30D2-97B8-7DF8CC49F66E}
		{5B2DA63F-B519-30EB-9B69-FDE387CC470F} = {5B2DA63F-B519-30EB-9B69-FDE387CC470F}
		{23EFEFAC-EE3A-30F7-A107-F873ACCD9FB0} = {23EFEFAC-EE3A-30F7-A107-F873ACCD9FB0}
		{3A6FBE34-2380-3EAD-9C9E-69799CE2443D} = {3A6FBE34-2380-3EAD-9C9E-69799CE2443D}
		{3C26903E-AE10-344F-89F7-B78003B1F91F} = {3C26903E-AE10-344F-89F7-B78003B1F91F}
		{41FF2A73-3C4E-31D0-BAB4-49756FB30F14} = {41FF2A73-3C4E-31D0-BAB4-49756FB30F14}
		{0F593D82-7A8D-3AD7-9265-E7FBB817C6A1} = {0F593D82-7A8D-3AD7-9265-E7FBB817C6A1}
		{B92FC57B-66E4-36F2-803B-DE323EE060AA} = {B92FC57B-66E4-36F2-803B-DE323EE060AA}
	EndProjectSection
EndProject
Global
	GlobalSection(SolutionConfigurationPlatforms) = preSolution
		Debug|Win32 = Debug|Win32
		Release|Win32 = Release|Win32
		MinSizeRel|Win32 = MinSizeRel|Win32
		RelWithDebInfo|Win32 = RelWithDebInfo|Win32
	EndGlobalSection
	GlobalSection(ProjectConfigurationPlatforms) = postSolution
		{D735FA0C-96F2-3A6E-B6FF-0CE68666C9D9}.Debug|Win32.ActiveCfg = Debug|Win32
		{D735FA0C-96F2-3A6E-B6FF-0CE68666C9D9}.Release|Win32.ActiveCfg = Release|Win32
		{D735FA0C-96F2-3A6E-B6FF-0CE68666C9D9}.MinSizeRel|Win32.ActiveCfg = MinSizeRel|Win32
		{D735FA0C-96F2-3A6E-B6FF-0CE68666C9D9}.RelWithDebInfo|Win32.ActiveCfg = RelWithDebInfo|Win32
		{DD038E42-FFF7-3D54-8F9F-EED850EF3B28}.Debug|Win32.ActiveCfg = Debug|Win32
		{DD038E42-FFF7-3D54-8F9F-EED850EF3B28}.Debug|Win32.Build.0 = Debug|Win32
		{DD038E42-FFF7-3D54-8F9F-EED850EF3B28}.Release|Win32.ActiveCfg = Release|Win32
		{DD038E42-FFF7-3D54-8F9F-EED850EF3B28}.Release|Win32.Build.0 = Release|Win32
		{DD038E42-FFF7-3D54-8F9F-EED850EF3B28}.MinSizeRel|Win32.ActiveCfg = MinSizeRel|Win32
		{DD038E42-FFF7-3D54-8F9F-EED850EF3B28}.MinSizeRel|Win32.Build.0 = MinSizeRel|Win32
		{DD038E42-FFF7-3D54-8F9F-EED850EF3B28}.RelWithDebInfo|Win32.ActiveCfg = RelWithDebInfo|Win32
		{DD038E42-FFF7-3D54-8F9F-EED850EF3B28}.RelWithDebInfo|Win32.Build.0 = RelWithDebInfo|Win32
		{4170A97C-4B15-3036-887D-7C020F3C1AE4}.Debug|Win32.ActiveCfg = Debug|Win32
		{4170A97C-4B15-3036-887D-7C020F3C1AE4}.Debug|Win32.Build.0 = Debug|Win32
		{4170A97C-4B15-3036-887D-7C020F3C1AE4}.Release|Win32.ActiveCfg = Release|Win32
		{4170A97C-4B15-3036-887D-7C020F3C1AE4}.Release|Win32.Build.0 = Release|Win32
		{4170A97C-4B15-3036-887D-7C020F3C1AE4}.MinSizeRel|Win32.ActiveCfg = MinSizeRel|Win32
		{4170A97C-4B15-3036-887D-7C020F3C1AE4}.MinSizeRel|Win32.Build.0 = MinSizeRel|Win32
		{4170A97C-4B15-3036-887D-7C020F3C1AE4}.RelWithDebInfo|Win32.ActiveCfg = RelWithDebInfo|Win32
		{4170A97C-4B15-3036-887D-7C020F3C1AE4}.RelWithDebInfo|Win32.Build.0 = RelWithDebInfo|Win32
		{333BD6C8-6974-31ED-B267-A92CE3DDAF7F}.Debug|Win32.ActiveCfg = Debug|Win32
		{333BD6C8-6974-31ED-B267-A92CE3DDAF7F}.Debug|Win32.Build.0 = Debug|Win32
		{333BD6C8-6974-31ED-B267-A92CE3DDAF7F}.Release|Win32.ActiveCfg = Release|Win32
		{333BD6C8-6974-31ED-B267-A92CE3DDAF7F}.Release|Win32.Build.0 = Release|Win32
		{333BD6C8-6974-31ED-B267-A92CE3DDAF7F}.MinSizeRel|Win32.ActiveCfg = MinSizeRel|Win32
		{333BD6C8-6974-31ED-B267-A92CE3DDAF7F}.MinSizeRel|Win32.Build.0 = MinSizeRel|Win32
		{333BD6C8-6974-31ED-B267-A92CE3DDAF7F}.RelWithDebInfo|Win32.ActiveCfg = RelWithDebInfo|Win32
		{333BD6C8-6974-31ED-B267-A92CE3DDAF7F}.RelWithDebInfo|Win32.Build.0 = RelWithDebInfo|Win32
		{F85D74BF-26F9-3235-A174-B8FE8FB54E50}.Debug|Win32.ActiveCfg = Debug|Win32
		{F85D74BF-26F9-3235-A174-B8FE8FB54E50}.Debug|Win32.Build.0 = Debug|Win32
		{F85D74BF-26F9-3235-A174-B8FE8FB54E50}.Release|Win32.ActiveCfg = Release|Win32
		{F85D74BF-26F9-3235-A174-B8FE8FB54E50}.Release|Win32.Build.0 = Release|Win32
		{F85D74BF-26F9-3235-A174-B8FE8FB54E50}.MinSizeRel|Win32.ActiveCfg = MinSizeRel|Win32
		{F85D74BF-26F9-3235-A174-B8FE8FB54E50}.MinSizeRel|Win32.Build.0 = MinSizeRel|Win32
		{F85D74BF-26F9-3235-A174-B8FE8FB54E50}.RelWithDebInfo|Win32.ActiveCfg = RelWithDebInfo|Win32
		{F85D74BF-26F9-3235-A174-B8FE8FB54E50}.RelWithDebInfo|Win32.Build.0 = RelWithDebInfo|Win32
		{C4A4829B-2B78-30D2-97B8-7DF8CC49F66E}.Debug|Win32.ActiveCfg = Debug|Win32
		{C4A4829B-2B78-30D2-97B8-7DF8CC49F66E}.Debug|Win32.Build.0 = Debug|Win32
		{C4A4829B-2B78-30D2-97B8-7DF8CC49F66E}.Release|Win32.ActiveCfg = Release|Win32
		{C4A4829B-2B78-30D2-97B8-7DF8CC49F66E}.Release|Win32.Build.0 = Release|Win32
		{C4A4829B-2B78-30D2-97B8-7DF8CC49F66E}.MinSizeRel|Win32.ActiveCfg = MinSizeRel|Win32
		{C4A4829B-2B78-30D2-97B8-7DF8CC49F66E}.MinSizeRel|Win32.Build.0 = MinSizeRel|Win32
		{C4A4829B-2B78-30D2-97B8-7DF8CC49F66E}.RelWithDebInfo|Win32.ActiveCfg = RelWithDebInfo|Win32
		{C4A4829B-2B78-30D2-97B8-7DF8CC49F66E}.RelWithDebInfo|Win32.Build.0 = RelWithDebInfo|Win32
		{5B2DA63F-B519-30EB-9B69-FDE387CC470F}.Debug|Win32.ActiveCfg = Debug|Win32
		{5B2DA63F-B519-30EB-9B69-FDE387CC470F}.Debug|Win32.Build.0 = Debug|Win32
		{5B2DA63F-B519-30EB-9B69-FDE387CC470F}.Release|Win32.ActiveCfg = Release|Win32
		{5B2DA63F-B519-30EB-9B69-FDE387CC470F}.Release|Win32.Build.0 = Release|Win32
		{5B2DA63F-B519-30EB-9B69-FDE387CC470F}.MinSizeRel|Win32.ActiveCfg = MinSizeRel|Win32
		{5B2DA63F-B519-30EB-9B69-FDE387CC470F}.MinSizeRel|Win32.Build.0 = MinSizeRel|Win32
		{5B2DA63F-B519-30EB-9B69-FDE387CC470F}.RelWithDebInfo|Win32.ActiveCfg = RelWithDebInfo|Win32
		{5B2DA63F-B519-30EB-9B69-FDE387CC470F}.RelWithDebInfo|Win32.Build.0 = RelWithDebInfo|Win32
		{23EFEFAC-EE3A-30F7-A107-F873ACCD9FB0}.Debug|Win32.ActiveCfg = Debug|Win32
		{23EFEFAC-EE3A-30F7-A107-F873ACCD9FB0}.Debug|Win32.Build.0 = Debug|Win32
		{23EFEFAC-EE3A-30F7-A107-F873ACCD9FB0}.Release|Win32.ActiveCfg = Release|Win32
		{23EFEFAC-EE3A-30F7-A107-F873ACCD9FB0}.Release|Win32.Build.0 = Release|Win32
		{23EFEFAC-EE3A-30F7-A107-F873ACCD9FB0}.MinSizeRel|Win32.ActiveCfg = MinSizeRel|Win32
		{23EFEFAC-EE3A-30F7-A107-F873ACCD9FB0}.MinSizeRel|Win32.Build.0 = MinSizeRel|Win32
		{23EFEFAC-EE3A-30F7-A107-F873ACCD9FB0}.RelWithDebInfo|Win32.ActiveCfg = RelWithDebInfo|Win32
		{23EFEFAC-EE3A-30F7-A107-F873ACCD9FB0}.RelWithDebInfo|Win32.Build.0 = RelWithDebInfo|Win32
		{3A6FBE34-2380-3EAD-9C9E-69799CE2443D}.Debug|Win32.ActiveCfg = Debug|Win32
		{3A6FBE34-2380-3EAD-9C9E-69799CE2443D}.Debug|Win32.Build.0 = Debug|Win32
		{3A6FBE34-2380-3EAD-9C9E-69799CE2443D}.Release|Win32.ActiveCfg = Release|Win32
		{3A6FBE34-2380-3EAD-9C9E-69799CE2443D}.Release|Win32.Build.0 = Release|Win32
		{3A6FBE34-2380-3EAD-9C9E-69799CE2443D}.MinSizeRel|Win32.ActiveCfg = MinSizeRel|Win32
		{3A6FBE34-2380-3EAD-9C9E-69799CE2443D}.MinSizeRel|Win32.Build.0 = MinSizeRel|Win32
		{3A6FBE34-2380-3EAD-9C9E-69799CE2443D}.RelWithDebInfo|Win32.ActiveCfg = RelWithDebInfo|Win32
		{3A6FBE34-2380-3EAD-9C9E-69799CE2443D}.RelWithDebInfo|Win32.Build.0 = RelWithDebInfo|Win32
		{3C26903E-AE10-344F-89F7-B78003B1F91F}.Debug|Win32.ActiveCfg = Debug|Win32
		{3C26903E-AE10-344F-89F7-B78003B1F91F}.Debug|Win32.Build.0 = Debug|Win32
		{3C26903E-AE10-344F-89F7-B78003B1F91F}.Release|Win32.ActiveCfg = Release|Win32
		{3C26903E-AE10-344F-89F7-B78003B1F91F}.Release|Win32.Build.0 = Release|Win32
		{3C26903E-AE10-344F-89F7-B78003B1F91F}.MinSizeRel|Win32.ActiveCfg = MinSizeRel|Win32
		{3C26903E-AE10-344F-89F7-B78003B1F91F}.MinSizeRel|Win32.Build.0 = MinSizeRel|Win32
		{3C26903E-AE10-344F-89F7-B78003B1F91F}.RelWithDebInfo|Win32.ActiveCfg = RelWithDebInfo|Win32
		{3C26903E-AE10-344F-89F7-B78003B1F91F}.RelWithDebInfo|Win32.Build.0 = RelWithDebInfo|Win32
		{41FF2A73-3C4E-31D0-BAB4-49756FB30F14}.Debug|Win32.ActiveCfg = Debug|Win32
		{41FF2A73-3C4E-31D0-BAB4-49756FB30F14}.Debug|Win32.Build.0 = Debug|Win32
		{41FF2A73-3C4E-31D0-BAB4-49756FB30F14}.Release|Win32.ActiveCfg = Release|Win32
		{41FF2A73-3C4E-31D0-BAB4-49756FB30F14}.Release|Win32.Build.0 = Release|Win32
		{41FF2A73-3C4E-31D0-BAB4-49756FB30F14}.MinSizeRel|Win32.ActiveCfg = MinSizeRel|Win32
		{41FF2A73-3C4E-31D0-BAB4-49756FB30F14}.MinSizeRel|Win32.Build.0 = MinSizeRel|Win32
		{41FF2A73-3C4E-31D0-BAB4-49756FB30F14}.RelWithDebInfo|Win32.ActiveCfg = RelWithDebInfo|Win32
		{41FF2A73-3C4E-31D0-BAB4-49756FB30F14}.RelWithDebInfo|Win32.Build.0 = RelWithDebInfo|Win32
		{0F593D82-7A8D-3AD7-9265-E7FBB817C6A1}.Debug|Win32.ActiveCfg = Debug|Win32
		{0F593D82-7A8D-3AD7-9265-E7FBB817C6A1}.Debug|Win32.Build.0 = Debug|Win32
		{0F593D82-7A8D-3AD7-9265-E7FBB817C6A1}.Release|Win32.ActiveCfg = Release|Win32
		{0F593D82-7A8D-3AD7-9265-E7FBB817C6A1}.Release|Win32.Build.0 = Release|Win32
		{0F593D82-7A8D-3AD7-9265-E7FBB817C6A1}.MinSizeRel|Win32.ActiveCfg = MinSizeRel|Win32
		{0F593D82-7A8D-3AD7-9265-E7FBB817C6A1}.MinSizeRel|Win32.Build.0 = MinSizeRel|Win32
		{0F593D82-7A8D-3AD7-9265-E7FBB817C6A1}.RelWithDebInfo|Win32.ActiveCfg = RelWithDebInfo|Win32
		{0F593D82-7A8D-3AD7-9265-E7FBB817C6A1}.RelWithDebInfo|Win32.Build.0 = RelWithDebInfo|Win32
		{B92FC57B-66E4-36F2-803B-DE323EE060AA}.Debug|Win32.ActiveCfg = Debug|Win32
		{B92FC57B-66E4-36F2-803B-DE323EE060AA}.Debug|Win32.Build.0 = Debug|Win32
		{B92FC57B-66E4-36F2-803B-DE323EE060AA}.Release|Win32.ActiveCfg = Release|Win32
		{B92FC57B-66E4-36F2-803B-DE323EE060AA}.Release|Win32.Build.0 = Release|Win32
		{B92FC57B-66E4-36F2-803B-DE323EE060AA}.MinSizeRel|Win32.ActiveCfg = MinSizeRel|Win32
		{B92FC57B-66E4-36F2-803B-DE323EE060AA}.MinSizeRel|Win32.Build.0 = MinSizeRel|Win32
		{B92FC57B-66E4-36F2-803B-DE323EE060AA}.RelWithDebInfo|Win32.ActiveCfg = RelWithDebInfo|Win32
		{B92FC57B-66E4-36F2-803B-DE323EE060AA}.RelWithDebInfo|Win32.Build.0 = RelWithDebInfo|Win32
		{B15AE356-E503-3273-81A4-E38AC329F635}.Debug|Win32.ActiveCfg = Debug|Win32
		{B15AE356-E503-3273-81A4-E38AC329F635}.Debug|Win32.Build.0 = Debug|Win32
		{B15AE356-E503-3273-81A4-E38AC329F635}.Release|Win32.ActiveCfg = Release|Win32
		{B15AE356-E503-3273-81A4-E38AC329F635}.Release|Win32.Build.0 = Release|Win32
		{B15AE356-E503-3273-81A4-E38AC329F635}.MinSizeRel|Win32.ActiveCfg = MinSizeRel|Win32
		{B15AE356-E503-3273-81A4-E38AC329F635}.MinSizeRel|Win32.Build.0 = MinSizeRel|Win32
		{B15AE356-E503-3273-81A4-E38AC329F635}.RelWithDebInfo|Win32.ActiveCfg = RelWithDebInfo|Win32
		{B15AE356-E503-3273-81A4-E38AC329F635}.RelWithDebInfo|Win32.Build.0 = RelWithDebInfo|Win32
	EndGlobalSection
	GlobalSection(NestedProjects) = preSolution
		{D735FA0C-96F2-3A6E-B6FF-0CE68666C9D9} = {D0678D5C-A7E0-34D3-9ED5-ACA8C2BDA5BB}
		{DD038E42-FFF7-3D54-8F9F-EED850EF3B28} = {D0678D5C-A7E0-34D3-9ED5-ACA8C2BDA5BB}
		{333BD6C8-6974-31ED-B267-A92CE3DDAF7F} = {224FB9B5-8F02-3BBD-B233-EF6488375D9F}
		{F85D74BF-26F9-3235-A174-B8FE8FB54E50} = {224FB9B5-8F02-3BBD-B233-EF6488375D9F}
		{C4A4829B-2B78-30D2-97B8-7DF8CC49F66E} = {224FB9B5-8F02-3BBD-B233-EF6488375D9F}
		{5B2DA63F-B519-30EB-9B69-FDE387CC470F} = {224FB9B5-8F02-3BBD-B233-EF6488375D9F}
		{23EFEFAC-EE3A-30F7-A107-F873ACCD9FB0} = {224FB9B5-8F02-3BBD-B233-EF6488375D9F}
		{3A6FBE34-2380-3EAD-9C9E-69799CE2443D} = {224FB9B5-8F02-3BBD-B233-EF6488375D9F}
		{3C26903E-AE10-344F-89F7-B78003B1F91F} = {224FB9B5-8F02-3BBD-B233-EF6488375D9F}
		{41FF2A73-3C4E-31D0-BAB4-49756FB30F14} = {224FB9B5-8F02-3BBD-B233-EF6488375D9F}
		{0F593D82-7A8D-3AD7-9265-E7FBB817C6A1} = {224FB9B5-8F02-3BBD-B233-EF6488375D9F}
		{B92FC57B-66E4-36F2-803B-DE323EE060AA} = {224FB9B5-8F02-3BBD-B233-EF6488375D9F}
		{B15AE356-E503-3273-81A4-E38AC329F635} = {224FB9B5-8F02-3BBD-B233-EF6488375D9F}
		{4170A97C-4B15-3036-887D-7C020F3C1AE4} = {DBA87485-D3B8-3942-A3C6-A2730267FEFB}
	EndGlobalSection
	GlobalSection(ExtensibilityGlobals) = postSolution
		SolutionGuid = {82F68DC7-052B-393B-A58C-F7C174CA49E0}
	EndGlobalSection
	GlobalSection(ExtensibilityAddIns) = postSolution
	EndGlobalSection
EndGlobal
